
Microsoft Visual Studio Solution File, Format Version 12.00
# Visual Studio Version 16
VisualStudioVersion = 16.0.29609.76
MinimumVisualStudioVersion = 10.0.40219.1
Project("{FAE04EC0-301F-11D3-BF4B-00C04F79EFBC}") = "CryptoAPI", "CryptoAPI.csproj", "{0A43112A-0709-4AF7-A3C2-1CF48DFD58B7}"
EndProject
Global
	GlobalSection(SolutionConfigurationPlatforms) = preSolution
		Debug|Any CPU = Debug|Any CPU
		Release|Any CPU = Release|Any CPU
	EndGlobalSection
	GlobalSection(ProjectConfigurationPlatforms) = postSolution
		{0A43112A-0709-4AF7-A3C2-1CF48DFD58B7}.Debug|Any CPU.ActiveCfg = Debug|Any CPU
		{0A43112A-0709-4AF7-A3C2-1CF48DFD58B7}.Debug|Any CPU.Build.0 = Debug|Any CPU
		{0A43112A-0709-4AF7-A3C2-1CF48DFD58B7}.Release|Any CPU.ActiveCfg = Release|Any CPU
		{0A43112A-0709-4AF7-A3C2-1CF48DFD58B7}.Release|Any CPU.Build.0 = Release|Any CPU
	EndGlobalSection
	GlobalSection(SolutionProperties) = preSolution
		HideSolutionNode = FALSE
	EndGlobalSection
	GlobalSection(ExtensibilityGlobals) = postSolution
		SolutionGuid = {4EBB06F0-B806-4089-8893-296C683B102F}
	EndGlobalSection
EndGlobal
